
Microsoft Visual Studio Solution File, Format Version 12.00
# Visual Studio Version 17
VisualStudioVersion = 17.2.32630.192
MinimumVisualStudioVersion = 10.0.40219.1
Project("{9A19103F-16F7-4668-BE54-9A1E7A4F7556}") = "BlazorApp1.Server", "BlazorApp1\Server\BlazorApp1.Server.csproj", "{C35E74C6-BC3D-4D0B-BF51-E0BF40620520}"
EndProject
Project("{9A19103F-16F7-4668-BE54-9A1E7A4F7556}") = "BlazorApp1.Client", "BlazorApp1\Client\BlazorApp1.Client.csproj", "{3DC4ECB7-3093-4BC1-8985-75933782A5C7}"
EndProject
Project("{9A19103F-16F7-4668-BE54-9A1E7A4F7556}") = "BlazorApp1.Shared", "BlazorApp1\Shared\BlazorApp1.Shared.csproj", "{D6F2E1CC-5C26-4848-8846-2071D59DB639}"
EndProject
Global
	GlobalSection(SolutionConfigurationPlatforms) = preSolution
		Debug|Any CPU = Debug|Any CPU
		Release|Any CPU = Release|Any CPU
	EndGlobalSection
	GlobalSection(ProjectConfigurationPlatforms) = postSolution
		{C35E74C6-BC3D-4D0B-BF51-E0BF40620520}.Debug|Any CPU.ActiveCfg = Debug|Any CPU
		{C35E74C6-BC3D-4D0B-BF51-E0BF40620520}.Debug|Any CPU.Build.0 = Debug|Any CPU
		{C35E74C6-BC3D-4D0B-BF51-E0BF40620520}.Release|Any CPU.ActiveCfg = Release|Any CPU
		{C35E74C6-BC3D-4D0B-BF51-E0BF40620520}.Release|Any CPU.Build.0 = Release|Any CPU
		{3DC4ECB7-3093-4BC1-8985-75933782A5C7}.Debug|Any CPU.ActiveCfg = Debug|Any CPU
		{3DC4ECB7-3093-4BC1-8985-75933782A5C7}.Debug|Any CPU.Build.0 = Debug|Any CPU
		{3DC4ECB7-3093-4BC1-8985-75933782A5C7}.Release|Any CPU.ActiveCfg = Release|Any CPU
		{3DC4ECB7-3093-4BC1-8985-75933782A5C7}.Release|Any CPU.Build.0 = Release|Any CPU
		{D6F2E1CC-5C26-4848-8846-2071D59DB639}.Debug|Any CPU.ActiveCfg = Debug|Any CPU
		{D6F2E1CC-5C26-4848-8846-2071D59DB639}.Debug|Any CPU.Build.0 = Debug|Any CPU
		{D6F2E1CC-5C26-4848-8846-2071D59DB639}.Release|Any CPU.ActiveCfg = Release|Any CPU
		{D6F2E1CC-5C26-4848-8846-2071D59DB639}.Release|Any CPU.Build.0 = Release|Any CPU
	EndGlobalSection
	GlobalSection(SolutionProperties) = preSolution
		HideSolutionNode = FALSE
	EndGlobalSection
	GlobalSection(ExtensibilityGlobals) = postSolution
		SolutionGuid = {507C6AAD-22DC-4B63-9DB3-9A65F1793EF8}
	EndGlobalSection
EndGlobal
